{
  "version": 4,
  "terraform_version": "1.4.2",
  "serial": 6,
  "lineage": "a6ddc3ea-706b-26ff-3684-cbe23a346d1c",
  "outputs": {
    "vpcid": {
      "value": "vpc-0876846039543bf3e",
      "type": "string"
    }
  },
  "resources": [
    {
      "mode": "managed",
      "type": "aws_vpc",
      "name": "myvpc",
      "provider": "provider[\"registry.terraform.io/hashicorp/aws\"]",
      "instances": [
        {
          "schema_version": 1,
          "attributes": {
            "arn": "arn:aws:ec2:us-east-1:187834563023:vpc/vpc-0876846039543bf3e",
            "assign_generated_ipv6_cidr_block": false,
            "cidr_block": "10.0.0.0/16",
            "default_network_acl_id": "acl-0e6e0e0f64946791f",
            "default_route_table_id": "rtb-0a47690cc99cfb00c",
            "default_security_group_id": "sg-084690e87fd68be12",
            "dhcp_options_id": "dopt-0f3c93e8f723b0e3f",
            "enable_classiclink": false,
            "enable_classiclink_dns_support": false,
            "enable_dns_hostnames": false,
            "enable_dns_support": true,
            "enable_network_address_usage_metrics": false,
            "id": "vpc-0876846039543bf3e",
            "instance_tenancy": "default",
            "ipv4_ipam_pool_id": null,
            "ipv4_netmask_length": null,
            "ipv6_association_id": "",
            "ipv6_cidr_block": "",
            "ipv6_cidr_block_network_border_group": "",
            "ipv6_ipam_pool_id": "",
            "ipv6_netmask_length": 0,
            "main_route_table_id": "rtb-0a47690cc99cfb00c",
            "owner_id": "187834563023",
            "tags": {
              "Name": "inputvpc"
            },
            "tags_all": {
              "Name": "inputvpc"
            }
          },
          "sensitive_attributes": [],
          "private": "eyJzY2hlbWFfdmVyc2lvbiI6IjEifQ=="
        }
      ]
    }
  ],
  "check_results": null
}
